// !$*UTF8*$!
{
	archiveVersion = 1;
	classes = {
	};
	objectVersion = 46;
	objects = {

/* Begin PBXBuildFile section */
		C53CF5C81D2E254900D8AE85 /* YRView.m in Sources */ = {isa = PBXBuildFile; fileRef = C53CF5C71D2E254900D8AE85 /* YRView.m */; };
		C53CF5CB1D2E256900D8AE85 /* YRLayer.m in Sources */ = {isa = PBXBuildFile; fileRef = C53CF5CA1D2E256900D8AE85 /* YRLayer.m */; };
		C53CF5CE1D2E258900D8AE85 /* CALayer+Extension.m in Sources */ = {isa = PBXBuildFile; fileRef = C53CF5CD1D2E258900D8AE85 /* CALayer+Extension.m */; };
		C56A1F551D24B68C00C23042 /* main.m in Sources */ = {isa = PBXBuildFile; fileRef = C56A1F541D24B68C00C23042 /* main.m */; };
		C56A1F581D24B68D00C23042 /* AppDelegate.m in Sources */ = {isa = PBXBuildFile; fileRef = C56A1F571D24B68D00C23042 /* AppDelegate.m */; };
		C56A1F5B1D24B68D00C23042 /* ViewController.m in Sources */ = {isa = PBXBuildFile; fileRef = C56A1F5A1D24B68D00C23042 /* ViewController.m */; };
		C56A1F5E1D24B68D00C23042 /* Main.storyboard in Resources */ = {isa = PBXBuildFile; fileRef = C56A1F5C1D24B68D00C23042 /* Main.storyboard */; };
		C56A1F601D24B68D00C23042 /* Assets.xcassets in Resources */ = {isa = PBXBuildFile; fileRef = C56A1F5F1D24B68D00C23042 /* Assets.xcassets */; };
		C56A1F631D24B68D00C23042 /* LaunchScreen.storyboard in Resources */ = {isa = PBXBuildFile; fileRef = C56A1F611D24B68D00C23042 /* LaunchScreen.storyboard */; };
		C56A1F6C1D24B71A00C23042 /* CustomView.m in Sources */ = {isa = PBXBuildFile; fileRef = C56A1F6B1D24B71A00C23042 /* CustomView.m */; };
		C56A1F961D24FA8200C23042 /* DrawedImageView.m in Sources */ = {isa = PBXBuildFile; fileRef = C56A1F951D24FA8200C23042 /* DrawedImageView.m */; };
		C56A1FAC1D24FBFF00C23042 /* Statement@3x.png in Resources */ = {isa = PBXBuildFile; fileRef = C56A1FAB1D24FBFF00C23042 /* Statement@3x.png */; };
		C56A1FAE1D25033700C23042 /* Statement2@2x.png in Resources */ = {isa = PBXBuildFile; fileRef = C56A1FAD1D25033700C23042 /* Statement2@2x.png */; };
/* End PBXBuildFile section */

/* Begin PBXFileReference section */
		C53CF5C61D2E254900D8AE85 /* YRView.h */ = {isa = PBXFileReference; fileEncoding = 4; lastKnownFileType = sourcecode.c.h; path = YRView.h; sourceTree = "<group>"; };
		C53CF5C71D2E254900D8AE85 /* YRView.m */ = {isa = PBXFileReference; fileEncoding = 4; lastKnownFileType = sourcecode.c.objc; path = YRView.m; sourceTree = "<group>"; };
		C53CF5C91D2E256900D8AE85 /* YRLayer.h */ = {isa = PBXFileReference; fileEncoding = 4; lastKnownFileType = sourcecode.c.h; path = YRLayer.h; sourceTree = "<group>"; };
		C53CF5CA1D2E256900D8AE85 /* YRLayer.m */ = {isa = PBXFileReference; fileEncoding = 4; lastKnownFileType = sourcecode.c.objc; path = YRLayer.m; sourceTree = "<group>"; };
		C53CF5CC1D2E258900D8AE85 /* CALayer+Extension.h */ = {isa = PBXFileReference; fileEncoding = 4; lastKnownFileType = sourcecode.c.h; path = "CALayer+Extension.h"; sourceTree = "<group>"; };
		C53CF5CD1D2E258900D8AE85 /* CALayer+Extension.m */ = {isa = PBXFileReference; fileEncoding = 4; lastKnownFileType = sourcecode.c.objc; path = "CALayer+Extension.m"; sourceTree = "<group>"; };
		C56A1F501D24B68C00C23042 /* TestDrawing.app */ = {isa = PBXFileReference; explicitFileType = wrapper.application; includeInIndex = 0; path = TestDrawing.app; sourceTree = BUILT_PRODUCTS_DIR; };
		C56A1F541D24B68C00C23042 /* main.m */ = {isa = PBXFileReference; lastKnownFileType = sourcecode.c.objc; path = main.m; sourceTree = "<group>"; };
		C56A1F561D24B68C00C23042 /* AppDelegate.h */ = {isa = PBXFileReference; lastKnownFileType = sourcecode.c.h; path = AppDelegate.h; sourceTree = "<group>"; };
		C56A1F571D24B68D00C23042 /* AppDelegate.m */ = {isa = PBXFileReference; lastKnownFileType = sourcecode.c.objc; path = AppDelegate.m; sourceTree = "<group>"; };
		C56A1F591D24B68D00C23042 /* ViewController.h */ = {isa = PBXFileReference; lastKnownFileType = sourcecode.c.h; path = ViewController.h; sourceTree = "<group>"; };
		C56A1F5A1D24B68D00C23042 /* ViewController.m */ = {isa = PBXFileReference; lastKnownFileType = sourcecode.c.objc; path = ViewController.m; sourceTree = "<group>"; };
		C56A1F5D1D24B68D00C23042 /* Base */ = {isa = PBXFileReference; lastKnownFileType = file.storyboard; name = Base; path = Base.lproj/Main.storyboard; sourceTree = "<group>"; };
		C56A1F5F1D24B68D00C23042 /* Assets.xcassets */ = {isa = PBXFileReference; lastKnownFileType = folder.assetcatalog; path = Assets.xcassets; sourceTree = "<group>"; };
		C56A1F621D24B68D00C23042 /* Base */ = {isa = PBXFileReference; lastKnownFileType = file.storyboard; name = Base; path = Base.lproj/LaunchScreen.storyboard; sourceTree = "<group>"; };
		C56A1F641D24B68D00C23042 /* Info.plist */ = {isa = PBXFileReference; lastKnownFileType = text.plist.xml; path = Info.plist; sourceTree = "<group>"; };
		C56A1F6A1D24B71A00C23042 /* CustomView.h */ = {isa = PBXFileReference; fileEncoding = 4; lastKnownFileType = sourcecode.c.h; path = CustomView.h; sourceTree = "<group>"; };
		C56A1F6B1D24B71A00C23042 /* CustomView.m */ = {isa = PBXFileReference; fileEncoding = 4; lastKnownFileType = sourcecode.c.objc; path = CustomView.m; sourceTree = "<group>"; };
		C56A1F941D24FA8200C23042 /* DrawedImageView.h */ = {isa = PBXFileReference; fileEncoding = 4; lastKnownFileType = sourcecode.c.h; path = DrawedImageView.h; sourceTree = "<group>"; };
		C56A1F951D24FA8200C23042 /* DrawedImageView.m */ = {isa = PBXFileReference; fileEncoding = 4; lastKnownFileType = sourcecode.c.objc; path = DrawedImageView.m; sourceTree = "<group>"; };
		C56A1FAB1D24FBFF00C23042 /* Statement@3x.png */ = {isa = PBXFileReference; lastKnownFileType = image.png; path = "Statement@3x.png"; sourceTree = "<group>"; };
		C56A1FAD1D25033700C23042 /* Statement2@2x.png */ = {isa = PBXFileReference; lastKnownFileType = image.png; path = "Statement2@2x.png"; sourceTree = "<group>"; };
/* End PBXFileReference section */

/* Begin PBXFrameworksBuildPhase section */
		C56A1F4D1D24B68C00C23042 /* Frameworks */ = {
			isa = PBXFrameworksBuildPhase;
			buildActionMask = 2147483647;
			files = (
			);
			runOnlyForDeploymentPostprocessing = 0;
		};
/* End PBXFrameworksBuildPhase section */

/* Begin PBXGroup section */
		C56A1F471D24B68C00C23042 = {
			isa = PBXGroup;
			children = (
				C56A1F521D24B68C00C23042 /* TestDrawing */,
				C56A1F511D24B68C00C23042 /* Products */,
			);
			sourceTree = "<group>";
		};
		C56A1F511D24B68C00C23042 /* Products */ = {
			isa = PBXGroup;
			children = (
				C56A1F501D24B68C00C23042 /* TestDrawing.app */,
			);
			name = Products;
			sourceTree = "<group>";
		};
		C56A1F521D24B68C00C23042 /* TestDrawing */ = {
			isa = PBXGroup;
			children = (
				C56A1FAD1D25033700C23042 /* Statement2@2x.png */,
				C56A1FAB1D24FBFF00C23042 /* Statement@3x.png */,
				C56A1F561D24B68C00C23042 /* AppDelegate.h */,
				C56A1F571D24B68D00C23042 /* AppDelegate.m */,
				C56A1F591D24B68D00C23042 /* ViewController.h */,
				C56A1F5A1D24B68D00C23042 /* ViewController.m */,
				C56A1F5C1D24B68D00C23042 /* Main.storyboard */,
				C56A1F5F1D24B68D00C23042 /* Assets.xcassets */,
				C56A1F611D24B68D00C23042 /* LaunchScreen.storyboard */,
				C56A1F641D24B68D00C23042 /* Info.plist */,
				C56A1F531D24B68C00C23042 /* Supporting Files */,
				C56A1F6A1D24B71A00C23042 /* CustomView.h */,
				C56A1F6B1D24B71A00C23042 /* CustomView.m */,
				C56A1F941D24FA8200C23042 /* DrawedImageView.h */,
				C56A1F951D24FA8200C23042 /* DrawedImageView.m */,
				C53CF5C61D2E254900D8AE85 /* YRView.h */,
				C53CF5C71D2E254900D8AE85 /* YRView.m */,
				C53CF5C91D2E256900D8AE85 /* YRLayer.h */,
				C53CF5CA1D2E256900D8AE85 /* YRLayer.m */,
				C53CF5CC1D2E258900D8AE85 /* CALayer+Extension.h */,
				C53CF5CD1D2E258900D8AE85 /* CALayer+Extension.m */,
			);
			path = TestDrawing;
			sourceTree = "<group>";
		};
		C56A1F531D24B68C00C23042 /* Supporting Files */ = {
			isa = PBXGroup;
			children = (
				C56A1F541D24B68C00C23042 /* main.m */,
			);
			name = "Supporting Files";
			sourceTree = "<group>";
		};
/* End PBXGroup section */

/* Begin PBXNativeTarget section */
		C56A1F4F1D24B68C00C23042 /* TestDrawing */ = {
			isa = PBXNativeTarget;
			buildConfigurationList = C56A1F671D24B68D00C23042 /* Build configuration list for PBXNativeTarget "TestDrawing" */;
			buildPhases = (
				C56A1F4C1D24B68C00C23042 /* Sources */,
				C56A1F4D1D24B68C00C23042 /* Frameworks */,
				C56A1F4E1D24B68C00C23042 /* Resources */,
			);
			buildRules = (
			);
			dependencies = (
			);
			name = TestDrawing;
			productName = TestDrawing;
			productReference = C56A1F501D24B68C00C23042 /* TestDrawing.app */;
			productType = "com.apple.product-type.application";
		};
/* End PBXNativeTarget section */

/* Begin PBXProject section */
		C56A1F481D24B68C00C23042 /* Project object */ = {
			isa = PBXProject;
			attributes = {
				LastUpgradeCheck = 0730;
				ORGANIZATIONNAME = liujing;
				TargetAttributes = {
					C56A1F4F1D24B68C00C23042 = {
						CreatedOnToolsVersion = 7.3.1;
					};
				};
			};
			buildConfigurationList = C56A1F4B1D24B68C00C23042 /* Build configuration list for PBXProject "TestDrawing" */;
			compatibilityVersion = "Xcode 3.2";
			developmentRegion = English;
			hasScannedForEncodings = 0;
			knownRegions = (
				en,
				Base,
			);
			mainGroup = C56A1F471D24B68C00C23042;
			productRefGroup = C56A1F511D24B68C00C23042 /* Products */;
			projectDirPath = "";
			projectRoot = "";
			targets = (
				C56A1F4F1D24B68C00C23042 /* TestDrawing */,
			);
		};
/* End PBXProject section */

/* Begin PBXResourcesBuildPhase section */
		C56A1F4E1D24B68C00C23042 /* Resources */ = {
			isa = PBXResourcesBuildPhase;
			buildActionMask = 2147483647;
			files = (
				C56A1F631D24B68D00C23042 /* LaunchScreen.storyboard in Resources */,
				C56A1F601D24B68D00C23042 /* Assets.xcassets in Resources */,
				C56A1FAE1D25033700C23042 /* Statement2@2x.png in Resources */,
				C56A1F5E1D24B68D00C23042 /* Main.storyboard in Resources */,
				C56A1FAC1D24FBFF00C23042 /* Statement@3x.png in Resources */,
			);
			runOnlyForDeploymentPostprocessing = 0;
		};
/* End PBXResourcesBuildPhase section */

/* Begin PBXSourcesBuildPhase section */
		C56A1F4C1D24B68C00C23042 /* Sources */ = {
			isa = PBXSourcesBuildPhase;
			buildActionMask = 2147483647;
			files = (
				C56A1F961D24FA8200C23042 /* DrawedImageView.m in Sources */,
				C56A1F5B1D24B68D00C23042 /* ViewController.m in Sources */,
				C56A1F6C1D24B71A00C23042 /* CustomView.m in Sources */,
				C56A1F581D24B68D00C23042 /* AppDelegate.m in Sources */,
				C53CF5CB1D2E256900D8AE85 /* YRLayer.m in Sources */,
				C56A1F551D24B68C00C23042 /* main.m in Sources */,
				C53CF5C81D2E254900D8AE85 /* YRView.m in Sources */,
				C53CF5CE1D2E258900D8AE85 /* CALayer+Extension.m in Sources */,
			);
			runOnlyForDeploymentPostprocessing = 0;
		};
/* End PBXSourcesBuildPhase section */

/* Begin PBXVariantGroup section */
		C56A1F5C1D24B68D00C23042 /* Main.storyboard */ = {
			isa = PBXVariantGroup;
			children = (
				C56A1F5D1D24B68D00C23042 /* Base */,
			);
			name = Main.storyboard;
			sourceTree = "<group>";
		};
		C56A1F611D24B68D00C23042 /* LaunchScreen.storyboard */ = {
			isa = PBXVariantGroup;
			children = (
				C56A1F621D24B68D00C23042 /* Base */,
			);
			name = LaunchScreen.storyboard;
			sourceTree = "<group>";
		};
/* End PBXVariantGroup section */

/* Begin XCBuildConfiguration section */
		C56A1F651D24B68D00C23042 /* Debug */ = {
			isa = XCBuildConfiguration;
			buildSettings = {
				ALWAYS_SEARCH_USER_PATHS = NO;
				CLANG_ANALYZER_NONNULL = YES;
				CLANG_CXX_LANGUAGE_STANDARD = "gnu++0x";
				CLANG_CXX_LIBRARY = "libc++";
				CLANG_ENABLE_MODULES = YES;
				CLANG_ENABLE_OBJC_ARC = YES;
				CLANG_WARN_BOOL_CONVERSION = YES;
				CLANG_WARN_CONSTANT_CONVERSION = YES;
				CLANG_WARN_DIRECT_OBJC_ISA_USAGE = YES_ERROR;
				CLANG_WARN_EMPTY_BODY = YES;
				CLANG_WARN_ENUM_CONVERSION = YES;
				CLANG_WARN_INT_CONVERSION = YES;
				CLANG_WARN_OBJC_ROOT_CLASS = YES_ERROR;
				CLANG_WARN_UNREACHABLE_CODE = YES;
				CLANG_WARN__DUPLICATE_METHOD_MATCH = YES;
				"CODE_SIGN_IDENTITY[sdk=iphoneos*]" = "iPhone Developer";
				COPY_PHASE_STRIP = NO;
				DEBUG_INFORMATION_FORMAT = dwarf;
				ENABLE_STRICT_OBJC_MSGSEND = YES;
				ENABLE_TESTABILITY = YES;
				GCC_C_LANGUAGE_STANDARD = gnu99;
				GCC_DYNAMIC_NO_PIC = NO;
				GCC_NO_COMMON_BLOCKS = YES;
				GCC_OPTIMIZATION_LEVEL = 0;
				GCC_PREPROCESSOR_DEFINITIONS = (
					"DEBUG=1",
					"$(inherited)",
				);
				GCC_WARN_64_TO_32_BIT_CONVERSION = YES;
				GCC_WARN_ABOUT_RETURN_TYPE = YES_ERROR;
				GCC_WARN_UNDECLARED_SELECTOR = YES;
				GCC_WARN_UNINITIALIZED_AUTOS = YES_AGGRESSIVE;
				GCC_WARN_UNUSED_FUNCTION = YES;
				GCC_WARN_UNUSED_VARIABLE = YES;
				IPHONEOS_DEPLOYMENT_TARGET = 9.3;
				MTL_ENABLE_DEBUG_INFO = YES;
				ONLY_ACTIVE_ARCH = YES;
				SDKROOT = iphoneos;
			};
			name = Debug;
		};
		C56A1F661D24B68D00C23042 /* Release */ = {
			isa = XCBuildConfiguration;
			buildSettings = {
				ALWAYS_SEARCH_USER_PATHS = NO;
				CLANG_ANALYZER_NONNULL = YES;
				CLANG_CXX_LANGUAGE_STANDARD = "gnu++0x";
				CLANG_CXX_LIBRARY = "libc++";
				CLANG_ENABLE_MODULES = YES;
				CLANG_ENABLE_OBJC_ARC = YES;
				CLANG_WARN_BOOL_CONVERSION = YES;
				CLANG_WARN_CONSTANT_CONVERSION = YES;
				CLANG_WARN_DIRECT_OBJC_ISA_USAGE = YES_ERROR;
				CLANG_WARN_EMPTY_BODY = YES;
				CLANG_WARN_ENUM_CONVERSION = YES;
				CLANG_WARN_INT_CONVERSION = YES;
				CLANG_WARN_OBJC_ROOT_CLASS = YES_ERROR;
				CLANG_WARN_UNREACHABLE_CODE = YES;
				CLANG_WARN__DUPLICATE_METHOD_MATCH = YES;
				"CODE_SIGN_IDENTITY[sdk=iphoneos*]" = "iPhone Developer";
				COPY_PHASE_STRIP = NO;
				DEBUG_INFORMATION_FORMAT = "dwarf-with-dsym";
				ENABLE_NS_ASSERTIONS = NO;
				ENABLE_STRICT_OBJC_MSGSEND = YES;
				GCC_C_LANGUAGE_STANDARD = gnu99;
				GCC_NO_COMMON_BLOCKS = YES;
				GCC_WARN_64_TO_32_BIT_CONVERSION = YES;
				GCC_WARN_ABOUT_RETURN_TYPE = YES_ERROR;
				GCC_WARN_UNDECLARED_SELECTOR = YES;
				GCC_WARN_UNINITIALIZED_AUTOS = YES_AGGRESSIVE;
				GCC_WARN_UNUSED_FUNCTION = YES;
				GCC_WARN_UNUSED_VARIABLE = YES;
				IPHONEOS_DEPLOYMENT_TARGET = 9.3;
				MTL_ENABLE_DEBUG_INFO = NO;
				SDKROOT = iphoneos;
				VALIDATE_PRODUCT = YES;
			};
			name = Release;
		};
		C56A1F681D24B68D00C23042 /* Debug */ = {
			isa = XCBuildConfiguration;
			buildSettings = {
				ASSETCATALOG_COMPILER_APPICON_NAME = AppIcon;
				INFOPLIST_FILE = TestDrawing/Info.plist;
				LD_RUNPATH_SEARCH_PATHS = "$(inherited) @executable_path/Frameworks";
				PRODUCT_BUNDLE_IDENTIFIER = com.JEAN.com.TestDrawing;
				PRODUCT_NAME = "$(TARGET_NAME)";
			};
			name = Debug;
		};
		C56A1F691D24B68D00C23042 /* Release */ = {
			isa = XCBuildConfiguration;
			buildSettings = {
				ASSETCATALOG_COMPILER_APPICON_NAME = AppIcon;
				INFOPLIST_FILE = TestDrawing/Info.plist;
				LD_RUNPATH_SEARCH_PATHS = "$(inherited) @executable_path/Frameworks";
				PRODUCT_BUNDLE_IDENTIFIER = com.JEAN.com.TestDrawing;
				PRODUCT_NAME = "$(TARGET_NAME)";
			};
			name = Release;
		};
/* End XCBuildConfiguration section */

/* Begin XCConfigurationList section */
		C56A1F4B1D24B68C00C23042 /* Build configuration list for PBXProject "TestDrawing" */ = {
			isa = XCConfigurationList;
			buildConfigurations = (
				C56A1F651D24B68D00C23042 /* Debug */,
				C56A1F661D24B68D00C23042 /* Release */,
			);
			defaultConfigurationIsVisible = 0;
			defaultConfigurationName = Release;
		};
		C56A1F671D24B68D00C23042 /* Build configuration list for PBXNativeTarget "TestDrawing" */ = {
			isa = XCConfigurationList;
			buildConfigurations = (
				C56A1F681D24B68D00C23042 /* Debug */,
				C56A1F691D24B68D00C23042 /* Release */,
			);
			defaultConfigurationIsVisible = 0;
			defaultConfigurationName = Release;
		};
/* End XCConfigurationList section */
	};
	rootObject = C56A1F481D24B68C00C23042 /* Project object */;
}
